{
  "name": "bmlt-meeting-map",
  "lockfileVersion": 3,
  "requires": true,
  "packages": {
    "": {
      "dependencies": {
        "fetch-jsonp": "^1.3.0"
      }
    },
    "node_modules/fetch-jsonp": {
      "version": "1.3.0",
      "resolved": "https://registry.npmjs.org/fetch-jsonp/-/fetch-jsonp-1.3.0.tgz",
      "integrity": "sha512-hxCYGvmANEmpkHpeWY8Kawfa5Z1t2csTpIClIDG/0S92eALWHRU1RnGaj86Tf5Cc0QF+afSa4SQ4pFB2rFM5QA=="
    }
  }
}
